
Microsoft Visual Studio Solution File, Format Version 12.00
# Visual Studio Version 17
VisualStudioVersion = 17.14.36414.22 d17.14
MinimumVisualStudioVersion = 10.0.40219.1
Project("{FAE04EC0-301F-11D3-BF4B-00C04F79EFBC}") = "GYM", "GYM\GYM.csproj", "{CC48DFB0-C0C3-49C2-A7F0-359E5ACFD2D2}"
EndProject
Project("{FAE04EC0-301F-11D3-BF4B-00C04F79EFBC}") = "GYM.DAL", "GYM.DAL\GYM.DAL.csproj", "{87211174-14E8-489F-8EC4-360047E78376}"
EndProject
Project("{FAE04EC0-301F-11D3-BF4B-00C04F79EFBC}") = "GYM.BLL", "GYM.BLL\GYM.BLL.csproj", "{337B000E-D4EB-452B-B023-17A3B90D91B4}"
EndProject
Global
	GlobalSection(SolutionConfigurationPlatforms) = preSolution
		Debug|Any CPU = Debug|Any CPU
		Release|Any CPU = Release|Any CPU
	EndGlobalSection
	GlobalSection(ProjectConfigurationPlatforms) = postSolution
		{CC48DFB0-C0C3-49C2-A7F0-359E5ACFD2D2}.Debug|Any CPU.ActiveCfg = Debug|Any CPU
		{CC48DFB0-C0C3-49C2-A7F0-359E5ACFD2D2}.Debug|Any CPU.Build.0 = Debug|Any CPU
		{CC48DFB0-C0C3-49C2-A7F0-359E5ACFD2D2}.Release|Any CPU.ActiveCfg = Release|Any CPU
		{CC48DFB0-C0C3-49C2-A7F0-359E5ACFD2D2}.Release|Any CPU.Build.0 = Release|Any CPU
		{87211174-14E8-489F-8EC4-360047E78376}.Debug|Any CPU.ActiveCfg = Debug|Any CPU
		{87211174-14E8-489F-8EC4-360047E78376}.Debug|Any CPU.Build.0 = Debug|Any CPU
		{87211174-14E8-489F-8EC4-360047E78376}.Release|Any CPU.ActiveCfg = Release|Any CPU
		{87211174-14E8-489F-8EC4-360047E78376}.Release|Any CPU.Build.0 = Release|Any CPU
		{337B000E-D4EB-452B-B023-17A3B90D91B4}.Debug|Any CPU.ActiveCfg = Debug|Any CPU
		{337B000E-D4EB-452B-B023-17A3B90D91B4}.Debug|Any CPU.Build.0 = Debug|Any CPU
		{337B000E-D4EB-452B-B023-17A3B90D91B4}.Release|Any CPU.ActiveCfg = Release|Any CPU
		{337B000E-D4EB-452B-B023-17A3B90D91B4}.Release|Any CPU.Build.0 = Release|Any CPU
	EndGlobalSection
	GlobalSection(SolutionProperties) = preSolution
		HideSolutionNode = FALSE
	EndGlobalSection
	GlobalSection(ExtensibilityGlobals) = postSolution
		SolutionGuid = {8E86BC91-A04A-4B7F-B5DF-921E7479C01B}
	EndGlobalSection
EndGlobal
